// !$*UTF8*$!
{
	archiveVersion = 1;
	classes = {
	};
	objectVersion = 50;
	objects = {

/* Begin PBXBuildFile section */
		4A48E3812320EF2A009E395E /* AppDelegate.m in Sources */ = {isa = PBXBuildFile; fileRef = 4A48E3802320EF2A009E395E /* AppDelegate.m */; };
		4A48E3842320EF2A009E395E /* ViewController.m in Sources */ = {isa = PBXBuildFile; fileRef = 4A48E3832320EF2A009E395E /* ViewController.m */; };
		4A48E3872320EF2A009E395E /* Main.storyboard in Resources */ = {isa = PBXBuildFile; fileRef = 4A48E3852320EF2A009E395E /* Main.storyboard */; };
		4A48E3892320EF2B009E395E /* Assets.xcassets in Resources */ = {isa = PBXBuildFile; fileRef = 4A48E3882320EF2B009E395E /* Assets.xcassets */; };
		4A48E38C2320EF2B009E395E /* LaunchScreen.storyboard in Resources */ = {isa = PBXBuildFile; fileRef = 4A48E38A2320EF2B009E395E /* LaunchScreen.storyboard */; };
		4A48E38F2320EF2B009E395E /* main.m in Sources */ = {isa = PBXBuildFile; fileRef = 4A48E38E2320EF2B009E395E /* main.m */; };
		4A48E3992320EF2B009E395E /* iOSWidgetTests.m in Sources */ = {isa = PBXBuildFile; fileRef = 4A48E3982320EF2B009E395E /* iOSWidgetTests.m */; };
		4A48E3A42320EF2B009E395E /* iOSWidgetUITests.m in Sources */ = {isa = PBXBuildFile; fileRef = 4A48E3A32320EF2B009E395E /* iOSWidgetUITests.m */; };
/* End PBXBuildFile section */

/* Begin PBXContainerItemProxy section */
		4A48E3952320EF2B009E395E /* PBXContainerItemProxy */ = {
			isa = PBXContainerItemProxy;
			containerPortal = 4A48E3742320EF2A009E395E /* Project object */;
			proxyType = 1;
			remoteGlobalIDString = 4A48E37B2320EF2A009E395E;
			remoteInfo = iOSWidget;
		};
		4A48E3A02320EF2B009E395E /* PBXContainerItemProxy */ = {
			isa = PBXContainerItemProxy;
			containerPortal = 4A48E3742320EF2A009E395E /* Project object */;
			proxyType = 1;
			remoteGlobalIDString = 4A48E37B2320EF2A009E395E;
			remoteInfo = iOSWidget;
		};
/* End PBXContainerItemProxy section */

/* Begin PBXFileReference section */
		4A48E37C2320EF2A009E395E /* iOSWidget.app */ = {isa = PBXFileReference; explicitFileType = wrapper.application; includeInIndex = 0; path = iOSWidget.app; sourceTree = BUILT_PRODUCTS_DIR; };
		4A48E37F2320EF2A009E395E /* AppDelegate.h */ = {isa = PBXFileReference; lastKnownFileType = sourcecode.c.h; path = AppDelegate.h; sourceTree = "<group>"; };
		4A48E3802320EF2A009E395E /* AppDelegate.m */ = {isa = PBXFileReference; lastKnownFileType = sourcecode.c.objc; path = AppDelegate.m; sourceTree = "<group>"; };
		4A48E3822320EF2A009E395E /* ViewController.h */ = {isa = PBXFileReference; lastKnownFileType = sourcecode.c.h; path = ViewController.h; sourceTree = "<group>"; };
		4A48E3832320EF2A009E395E /* ViewController.m */ = {isa = PBXFileReference; lastKnownFileType = sourcecode.c.objc; path = ViewController.m; sourceTree = "<group>"; };
		4A48E3862320EF2A009E395E /* Base */ = {isa = PBXFileReference; lastKnownFileType = file.storyboard; name = Base; path = Base.lproj/Main.storyboard; sourceTree = "<group>"; };
		4A48E3882320EF2B009E395E /* Assets.xcassets */ = {isa = PBXFileReference; lastKnownFileType = folder.assetcatalog; path = Assets.xcassets; sourceTree = "<group>"; };
		4A48E38B2320EF2B009E395E /* Base */ = {isa = PBXFileReference; lastKnownFileType = file.storyboard; name = Base; path = Base.lproj/LaunchScreen.storyboard; sourceTree = "<group>"; };
		4A48E38D2320EF2B009E395E /* Info.plist */ = {isa = PBXFileReference; lastKnownFileType = text.plist.xml; path = Info.plist; sourceTree = "<group>"; };
		4A48E38E2320EF2B009E395E /* main.m */ = {isa = PBXFileReference; lastKnownFileType = sourcecode.c.objc; path = main.m; sourceTree = "<group>"; };
		4A48E3942320EF2B009E395E /* iOSWidgetTests.xctest */ = {isa = PBXFileReference; explicitFileType = wrapper.cfbundle; includeInIndex = 0; path = iOSWidgetTests.xctest; sourceTree = BUILT_PRODUCTS_DIR; };
		4A48E3982320EF2B009E395E /* iOSWidgetTests.m */ = {isa = PBXFileReference; lastKnownFileType = sourcecode.c.objc; path = iOSWidgetTests.m; sourceTree = "<group>"; };
		4A48E39A2320EF2B009E395E /* Info.plist */ = {isa = PBXFileReference; lastKnownFileType = text.plist.xml; path = Info.plist; sourceTree = "<group>"; };
		4A48E39F2320EF2B009E395E /* iOSWidgetUITests.xctest */ = {isa = PBXFileReference; explicitFileType = wrapper.cfbundle; includeInIndex = 0; path = iOSWidgetUITests.xctest; sourceTree = BUILT_PRODUCTS_DIR; };
		4A48E3A32320EF2B009E395E /* iOSWidgetUITests.m */ = {isa = PBXFileReference; lastKnownFileType = sourcecode.c.objc; path = iOSWidgetUITests.m; sourceTree = "<group>"; };
		4A48E3A52320EF2B009E395E /* Info.plist */ = {isa = PBXFileReference; lastKnownFileType = text.plist.xml; path = Info.plist; sourceTree = "<group>"; };
/* End PBXFileReference section */

/* Begin PBXFrameworksBuildPhase section */
		4A48E3792320EF2A009E395E /* Frameworks */ = {
			isa = PBXFrameworksBuildPhase;
			buildActionMask = 2147483647;
			files = (
			);
			runOnlyForDeploymentPostprocessing = 0;
		};
		4A48E3912320EF2B009E395E /* Frameworks */ = {
			isa = PBXFrameworksBuildPhase;
			buildActionMask = 2147483647;
			files = (
			);
			runOnlyForDeploymentPostprocessing = 0;
		};
		4A48E39C2320EF2B009E395E /* Frameworks */ = {
			isa = PBXFrameworksBuildPhase;
			buildActionMask = 2147483647;
			files = (
			);
			runOnlyForDeploymentPostprocessing = 0;
		};
/* End PBXFrameworksBuildPhase section */

/* Begin PBXGroup section */
		4A48E3732320EF2A009E395E = {
			isa = PBXGroup;
			children = (
				4A48E37E2320EF2A009E395E /* iOSWidget */,
				4A48E3972320EF2B009E395E /* iOSWidgetTests */,
				4A48E3A22320EF2B009E395E /* iOSWidgetUITests */,
				4A48E37D2320EF2A009E395E /* Products */,
			);
			sourceTree = "<group>";
		};
		4A48E37D2320EF2A009E395E /* Products */ = {
			isa = PBXGroup;
			children = (
				4A48E37C2320EF2A009E395E /* iOSWidget.app */,
				4A48E3942320EF2B009E395E /* iOSWidgetTests.xctest */,
				4A48E39F2320EF2B009E395E /* iOSWidgetUITests.xctest */,
			);
			name = Products;
			sourceTree = "<group>";
		};
		4A48E37E2320EF2A009E395E /* iOSWidget */ = {
			isa = PBXGroup;
			children = (
				4A48E37F2320EF2A009E395E /* AppDelegate.h */,
				4A48E3802320EF2A009E395E /* AppDelegate.m */,
				4A48E3822320EF2A009E395E /* ViewController.h */,
				4A48E3832320EF2A009E395E /* ViewController.m */,
				4A48E3852320EF2A009E395E /* Main.storyboard */,
				4A48E3882320EF2B009E395E /* Assets.xcassets */,
				4A48E38A2320EF2B009E395E /* LaunchScreen.storyboard */,
				4A48E38D2320EF2B009E395E /* Info.plist */,
				4A48E38E2320EF2B009E395E /* main.m */,
			);
			path = iOSWidget;
			sourceTree = "<group>";
		};
		4A48E3972320EF2B009E395E /* iOSWidgetTests */ = {
			isa = PBXGroup;
			children = (
				4A48E3982320EF2B009E395E /* iOSWidgetTests.m */,
				4A48E39A2320EF2B009E395E /* Info.plist */,
			);
			path = iOSWidgetTests;
			sourceTree = "<group>";
		};
		4A48E3A22320EF2B009E395E /* iOSWidgetUITests */ = {
			isa = PBXGroup;
			children = (
				4A48E3A32320EF2B009E395E /* iOSWidgetUITests.m */,
				4A48E3A52320EF2B009E395E /* Info.plist */,
			);
			path = iOSWidgetUITests;
			sourceTree = "<group>";
		};
/* End PBXGroup section */

/* Begin PBXNativeTarget section */
		4A48E37B2320EF2A009E395E /* iOSWidget */ = {
			isa = PBXNativeTarget;
			buildConfigurationList = 4A48E3A82320EF2B009E395E /* Build configuration list for PBXNativeTarget "iOSWidget" */;
			buildPhases = (
				4A48E3782320EF2A009E395E /* Sources */,
				4A48E3792320EF2A009E395E /* Frameworks */,
				4A48E37A2320EF2A009E395E /* Resources */,
			);
			buildRules = (
			);
			dependencies = (
			);
			name = iOSWidget;
			productName = iOSWidget;
			productReference = 4A48E37C2320EF2A009E395E /* iOSWidget.app */;
			productType = "com.apple.product-type.application";
		};
		4A48E3932320EF2B009E395E /* iOSWidgetTests */ = {
			isa = PBXNativeTarget;
			buildConfigurationList = 4A48E3AB2320EF2B009E395E /* Build configuration list for PBXNativeTarget "iOSWidgetTests" */;
			buildPhases = (
				4A48E3902320EF2B009E395E /* Sources */,
				4A48E3912320EF2B009E395E /* Frameworks */,
				4A48E3922320EF2B009E395E /* Resources */,
			);
			buildRules = (
			);
			dependencies = (
				4A48E3962320EF2B009E395E /* PBXTargetDependency */,
			);
			name = iOSWidgetTests;
			productName = iOSWidgetTests;
			productReference = 4A48E3942320EF2B009E395E /* iOSWidgetTests.xctest */;
			productType = "com.apple.product-type.bundle.unit-test";
		};
		4A48E39E2320EF2B009E395E /* iOSWidgetUITests */ = {
			isa = PBXNativeTarget;
			buildConfigurationList = 4A48E3AE2320EF2B009E395E /* Build configuration list for PBXNativeTarget "iOSWidgetUITests" */;
			buildPhases = (
				4A48E39B2320EF2B009E395E /* Sources */,
				4A48E39C2320EF2B009E395E /* Frameworks */,
				4A48E39D2320EF2B009E395E /* Resources */,
			);
			buildRules = (
			);
			dependencies = (
				4A48E3A12320EF2B009E395E /* PBXTargetDependency */,
			);
			name = iOSWidgetUITests;
			productName = iOSWidgetUITests;
			productReference = 4A48E39F2320EF2B009E395E /* iOSWidgetUITests.xctest */;
			productType = "com.apple.product-type.bundle.ui-testing";
		};
/* End PBXNativeTarget section */

/* Begin PBXProject section */
		4A48E3742320EF2A009E395E /* Project object */ = {
			isa = PBXProject;
			attributes = {
				LastUpgradeCheck = 1030;
				ORGANIZATIONNAME = DangDang;
				TargetAttributes = {
					4A48E37B2320EF2A009E395E = {
						CreatedOnToolsVersion = 10.3;
					};
					4A48E3932320EF2B009E395E = {
						CreatedOnToolsVersion = 10.3;
						TestTargetID = 4A48E37B2320EF2A009E395E;
					};
					4A48E39E2320EF2B009E395E = {
						CreatedOnToolsVersion = 10.3;
						TestTargetID = 4A48E37B2320EF2A009E395E;
					};
				};
			};
			buildConfigurationList = 4A48E3772320EF2A009E395E /* Build configuration list for PBXProject "iOSWidget" */;
			compatibilityVersion = "Xcode 9.3";
			developmentRegion = en;
			hasScannedForEncodings = 0;
			knownRegions = (
				en,
				Base,
			);
			mainGroup = 4A48E3732320EF2A009E395E;
			productRefGroup = 4A48E37D2320EF2A009E395E /* Products */;
			projectDirPath = "";
			projectRoot = "";
			targets = (
				4A48E37B2320EF2A009E395E /* iOSWidget */,
				4A48E3932320EF2B009E395E /* iOSWidgetTests */,
				4A48E39E2320EF2B009E395E /* iOSWidgetUITests */,
			);
		};
/* End PBXProject section */

/* Begin PBXResourcesBuildPhase section */
		4A48E37A2320EF2A009E395E /* Resources */ = {
			isa = PBXResourcesBuildPhase;
			buildActionMask = 2147483647;
			files = (
				4A48E38C2320EF2B009E395E /* LaunchScreen.storyboard in Resources */,
				4A48E3892320EF2B009E395E /* Assets.xcassets in Resources */,
				4A48E3872320EF2A009E395E /* Main.storyboard in Resources */,
			);
			runOnlyForDeploymentPostprocessing = 0;
		};
		4A48E3922320EF2B009E395E /* Resources */ = {
			isa = PBXResourcesBuildPhase;
			buildActionMask = 2147483647;
			files = (
			);
			runOnlyForDeploymentPostprocessing = 0;
		};
		4A48E39D2320EF2B009E395E /* Resources */ = {
			isa = PBXResourcesBuildPhase;
			buildActionMask = 2147483647;
			files = (
			);
			runOnlyForDeploymentPostprocessing = 0;
		};
/* End PBXResourcesBuildPhase section */

/* Begin PBXSourcesBuildPhase section */
		4A48E3782320EF2A009E395E /* Sources */ = {
			isa = PBXSourcesBuildPhase;
			buildActionMask = 2147483647;
			files = (
				4A48E3842320EF2A009E395E /* ViewController.m in Sources */,
				4A48E38F2320EF2B009E395E /* main.m in Sources */,
				4A48E3812320EF2A009E395E /* AppDelegate.m in Sources */,
			);
			runOnlyForDeploymentPostprocessing = 0;
		};
		4A48E3902320EF2B009E395E /* Sources */ = {
			isa = PBXSourcesBuildPhase;
			buildActionMask = 2147483647;
			files = (
				4A48E3992320EF2B009E395E /* iOSWidgetTests.m in Sources */,
			);
			runOnlyForDeploymentPostprocessing = 0;
		};
		4A48E39B2320EF2B009E395E /* Sources */ = {
			isa = PBXSourcesBuildPhase;
			buildActionMask = 2147483647;
			files = (
				4A48E3A42320EF2B009E395E /* iOSWidgetUITests.m in Sources */,
			);
			runOnlyForDeploymentPostprocessing = 0;
		};
/* End PBXSourcesBuildPhase section */

/* Begin PBXTargetDependency section */
		4A48E3962320EF2B009E395E /* PBXTargetDependency */ = {
			isa = PBXTargetDependency;
			target = 4A48E37B2320EF2A009E395E /* iOSWidget */;
			targetProxy = 4A48E3952320EF2B009E395E /* PBXContainerItemProxy */;
		};
		4A48E3A12320EF2B009E395E /* PBXTargetDependency */ = {
			isa = PBXTargetDependency;
			target = 4A48E37B2320EF2A009E395E /* iOSWidget */;
			targetProxy = 4A48E3A02320EF2B009E395E /* PBXContainerItemProxy */;
		};
/* End PBXTargetDependency section */

/* Begin PBXVariantGroup section */
		4A48E3852320EF2A009E395E /* Main.storyboard */ = {
			isa = PBXVariantGroup;
			children = (
				4A48E3862320EF2A009E395E /* Base */,
			);
			name = Main.storyboard;
			sourceTree = "<group>";
		};
		4A48E38A2320EF2B009E395E /* LaunchScreen.storyboard */ = {
			isa = PBXVariantGroup;
			children = (
				4A48E38B2320EF2B009E395E /* Base */,
			);
			name = LaunchScreen.storyboard;
			sourceTree = "<group>";
		};
/* End PBXVariantGroup section */

/* Begin XCBuildConfiguration section */
		4A48E3A62320EF2B009E395E /* Debug */ = {
			isa = XCBuildConfiguration;
			buildSettings = {
				ALWAYS_SEARCH_USER_PATHS = NO;
				CLANG_ANALYZER_NONNULL = YES;
				CLANG_ANALYZER_NUMBER_OBJECT_CONVERSION = YES_AGGRESSIVE;
				CLANG_CXX_LANGUAGE_STANDARD = "gnu++14";
				CLANG_CXX_LIBRARY = "libc++";
				CLANG_ENABLE_MODULES = YES;
				CLANG_ENABLE_OBJC_ARC = YES;
				CLANG_ENABLE_OBJC_WEAK = YES;
				CLANG_WARN_BLOCK_CAPTURE_AUTORELEASING = YES;
				CLANG_WARN_BOOL_CONVERSION = YES;
				CLANG_WARN_COMMA = YES;
				CLANG_WARN_CONSTANT_CONVERSION = YES;
				CLANG_WARN_DEPRECATED_OBJC_IMPLEMENTATIONS = YES;
				CLANG_WARN_DIRECT_OBJC_ISA_USAGE = YES_ERROR;
				CLANG_WARN_DOCUMENTATION_COMMENTS = YES;
				CLANG_WARN_EMPTY_BODY = YES;
				CLANG_WARN_ENUM_CONVERSION = YES;
				CLANG_WARN_INFINITE_RECURSION = YES;
				CLANG_WARN_INT_CONVERSION = YES;
				CLANG_WARN_NON_LITERAL_NULL_CONVERSION = YES;
				CLANG_WARN_OBJC_IMPLICIT_RETAIN_SELF = YES;
				CLANG_WARN_OBJC_LITERAL_CONVERSION = YES;
				CLANG_WARN_OBJC_ROOT_CLASS = YES_ERROR;
				CLANG_WARN_RANGE_LOOP_ANALYSIS = YES;
				CLANG_WARN_STRICT_PROTOTYPES = YES;
				CLANG_WARN_SUSPICIOUS_MOVE = YES;
				CLANG_WARN_UNGUARDED_AVAILABILITY = YES_AGGRESSIVE;
				CLANG_WARN_UNREACHABLE_CODE = YES;
				CLANG_WARN__DUPLICATE_METHOD_MATCH = YES;
				CODE_SIGN_IDENTITY = "iPhone Developer";
				COPY_PHASE_STRIP = NO;
				DEBUG_INFORMATION_FORMAT = dwarf;
				ENABLE_STRICT_OBJC_MSGSEND = YES;
				ENABLE_TESTABILITY = YES;
				GCC_C_LANGUAGE_STANDARD = gnu11;
				GCC_DYNAMIC_NO_PIC = NO;
				GCC_NO_COMMON_BLOCKS = YES;
				GCC_OPTIMIZATION_LEVEL = 0;
				GCC_PREPROCESSOR_DEFINITIONS = (
					"DEBUG=1",
					"$(inherited)",
				);
				GCC_WARN_64_TO_32_BIT_CONVERSION = YES;
				GCC_WARN_ABOUT_RETURN_TYPE = YES_ERROR;
				GCC_WARN_UNDECLARED_SELECTOR = YES;
				GCC_WARN_UNINITIALIZED_AUTOS = YES_AGGRESSIVE;
				GCC_WARN_UNUSED_FUNCTION = YES;
				GCC_WARN_UNUSED_VARIABLE = YES;
				IPHONEOS_DEPLOYMENT_TARGET = 12.4;
				MTL_ENABLE_DEBUG_INFO = INCLUDE_SOURCE;
				MTL_FAST_MATH = YES;
				ONLY_ACTIVE_ARCH = YES;
				SDKROOT = iphoneos;
			};
			name = Debug;
		};
		4A48E3A72320EF2B009E395E /* Release */ = {
			isa = XCBuildConfiguration;
			buildSettings = {
				ALWAYS_SEARCH_USER_PATHS = NO;
				CLANG_ANALYZER_NONNULL = YES;
				CLANG_ANALYZER_NUMBER_OBJECT_CONVERSION = YES_AGGRESSIVE;
				CLANG_CXX_LANGUAGE_STANDARD = "gnu++14";
				CLANG_CXX_LIBRARY = "libc++";
				CLANG_ENABLE_MODULES = YES;
				CLANG_ENABLE_OBJC_ARC = YES;
				CLANG_ENABLE_OBJC_WEAK = YES;
				CLANG_WARN_BLOCK_CAPTURE_AUTORELEASING = YES;
				CLANG_WARN_BOOL_CONVERSION = YES;
				CLANG_WARN_COMMA = YES;
				CLANG_WARN_CONSTANT_CONVERSION = YES;
				CLANG_WARN_DEPRECATED_OBJC_IMPLEMENTATIONS = YES;
				CLANG_WARN_DIRECT_OBJC_ISA_USAGE = YES_ERROR;
				CLANG_WARN_DOCUMENTATION_COMMENTS = YES;
				CLANG_WARN_EMPTY_BODY = YES;
				CLANG_WARN_ENUM_CONVERSION = YES;
				CLANG_WARN_INFINITE_RECURSION = YES;
				CLANG_WARN_INT_CONVERSION = YES;
				CLANG_WARN_NON_LITERAL_NULL_CONVERSION = YES;
				CLANG_WARN_OBJC_IMPLICIT_RETAIN_SELF = YES;
				CLANG_WARN_OBJC_LITERAL_CONVERSION = YES;
				CLANG_WARN_OBJC_ROOT_CLASS = YES_ERROR;
				CLANG_WARN_RANGE_LOOP_ANALYSIS = YES;
				CLANG_WARN_STRICT_PROTOTYPES = YES;
				CLANG_WARN_SUSPICIOUS_MOVE = YES;
				CLANG_WARN_UNGUARDED_AVAILABILITY = YES_AGGRESSIVE;
				CLANG_WARN_UNREACHABLE_CODE = YES;
				CLANG_WARN__DUPLICATE_METHOD_MATCH = YES;
				CODE_SIGN_IDENTITY = "iPhone Developer";
				COPY_PHASE_STRIP = NO;
				DEBUG_INFORMATION_FORMAT = "dwarf-with-dsym";
				ENABLE_NS_ASSERTIONS = NO;
				ENABLE_STRICT_OBJC_MSGSEND = YES;
				GCC_C_LANGUAGE_STANDARD = gnu11;
				GCC_NO_COMMON_BLOCKS = YES;
				GCC_WARN_64_TO_32_BIT_CONVERSION = YES;
				GCC_WARN_ABOUT_RETURN_TYPE = YES_ERROR;
				GCC_WARN_UNDECLARED_SELECTOR = YES;
				GCC_WARN_UNINITIALIZED_AUTOS = YES_AGGRESSIVE;
				GCC_WARN_UNUSED_FUNCTION = YES;
				GCC_WARN_UNUSED_VARIABLE = YES;
				IPHONEOS_DEPLOYMENT_TARGET = 12.4;
				MTL_ENABLE_DEBUG_INFO = NO;
				MTL_FAST_MATH = YES;
				SDKROOT = iphoneos;
				VALIDATE_PRODUCT = YES;
			};
			name = Release;
		};
		4A48E3A92320EF2B009E395E /* Debug */ = {
			isa = XCBuildConfiguration;
			buildSettings = {
				ASSETCATALOG_COMPILER_APPICON_NAME = AppIcon;
				CODE_SIGN_STYLE = Automatic;
				DEVELOPMENT_TEAM = Q7XTNF769W;
				INFOPLIST_FILE = iOSWidget/Info.plist;
				LD_RUNPATH_SEARCH_PATHS = (
					"$(inherited)",
					"@executable_path/Frameworks",
				);
				PRODUCT_BUNDLE_IDENTIFIER = com.dangdang.iOSWidget;
				PRODUCT_NAME = "$(TARGET_NAME)";
				TARGETED_DEVICE_FAMILY = "1,2";
			};
			name = Debug;
		};
		4A48E3AA2320EF2B009E395E /* Release */ = {
			isa = XCBuildConfiguration;
			buildSettings = {
				ASSETCATALOG_COMPILER_APPICON_NAME = AppIcon;
				CODE_SIGN_STYLE = Automatic;
				DEVELOPMENT_TEAM = Q7XTNF769W;
				INFOPLIST_FILE = iOSWidget/Info.plist;
				LD_RUNPATH_SEARCH_PATHS = (
					"$(inherited)",
					"@executable_path/Frameworks",
				);
				PRODUCT_BUNDLE_IDENTIFIER = com.dangdang.iOSWidget;
				PRODUCT_NAME = "$(TARGET_NAME)";
				TARGETED_DEVICE_FAMILY = "1,2";
			};
			name = Release;
		};
		4A48E3AC2320EF2B009E395E /* Debug */ = {
			isa = XCBuildConfiguration;
			buildSettings = {
				BUNDLE_LOADER = "$(TEST_HOST)";
				CODE_SIGN_STYLE = Automatic;
				INFOPLIST_FILE = iOSWidgetTests/Info.plist;
				LD_RUNPATH_SEARCH_PATHS = (
					"$(inherited)",
					"@executable_path/Frameworks",
					"@loader_path/Frameworks",
				);
				PRODUCT_BUNDLE_IDENTIFIER = com.dangdang.iOSWidgetTests;
				PRODUCT_NAME = "$(TARGET_NAME)";
				TARGETED_DEVICE_FAMILY = "1,2";
				TEST_HOST = "$(BUILT_PRODUCTS_DIR)/iOSWidget.app/iOSWidget";
			};
			name = Debug;
		};
		4A48E3AD2320EF2B009E395E /* Release */ = {
			isa = XCBuildConfiguration;
			buildSettings = {
				BUNDLE_LOADER = "$(TEST_HOST)";
				CODE_SIGN_STYLE = Automatic;
				INFOPLIST_FILE = iOSWidgetTests/Info.plist;
				LD_RUNPATH_SEARCH_PATHS = (
					"$(inherited)",
					"@executable_path/Frameworks",
					"@loader_path/Frameworks",
				);
				PRODUCT_BUNDLE_IDENTIFIER = com.dangdang.iOSWidgetTests;
				PRODUCT_NAME = "$(TARGET_NAME)";
				TARGETED_DEVICE_FAMILY = "1,2";
				TEST_HOST = "$(BUILT_PRODUCTS_DIR)/iOSWidget.app/iOSWidget";
			};
			name = Release;
		};
		4A48E3AF2320EF2B009E395E /* Debug */ = {
			isa = XCBuildConfiguration;
			buildSettings = {
				CODE_SIGN_STYLE = Automatic;
				INFOPLIST_FILE = iOSWidgetUITests/Info.plist;
				LD_RUNPATH_SEARCH_PATHS = (
					"$(inherited)",
					"@executable_path/Frameworks",
					"@loader_path/Frameworks",
				);
				PRODUCT_BUNDLE_IDENTIFIER = com.dangdang.iOSWidgetUITests;
				PRODUCT_NAME = "$(TARGET_NAME)";
				TARGETED_DEVICE_FAMILY = "1,2";
				TEST_TARGET_NAME = iOSWidget;
			};
			name = Debug;
		};
		4A48E3B02320EF2B009E395E /* Release */ = {
			isa = XCBuildConfiguration;
			buildSettings = {
				CODE_SIGN_STYLE = Automatic;
				INFOPLIST_FILE = iOSWidgetUITests/Info.plist;
				LD_RUNPATH_SEARCH_PATHS = (
					"$(inherited)",
					"@executable_path/Frameworks",
					"@loader_path/Frameworks",
				);
				PRODUCT_BUNDLE_IDENTIFIER = com.dangdang.iOSWidgetUITests;
				PRODUCT_NAME = "$(TARGET_NAME)";
				TARGETED_DEVICE_FAMILY = "1,2";
				TEST_TARGET_NAME = iOSWidget;
			};
			name = Release;
		};
/* End XCBuildConfiguration section */

/* Begin XCConfigurationList section */
		4A48E3772320EF2A009E395E /* Build configuration list for PBXProject "iOSWidget" */ = {
			isa = XCConfigurationList;
			buildConfigurations = (
				4A48E3A62320EF2B009E395E /* Debug */,
				4A48E3A72320EF2B009E395E /* Release */,
			);
			defaultConfigurationIsVisible = 0;
			defaultConfigurationName = Release;
		};
		4A48E3A82320EF2B009E395E /* Build configuration list for PBXNativeTarget "iOSWidget" */ = {
			isa = XCConfigurationList;
			buildConfigurations = (
				4A48E3A92320EF2B009E395E /* Debug */,
				4A48E3AA2320EF2B009E395E /* Release */,
			);
			defaultConfigurationIsVisible = 0;
			defaultConfigurationName = Release;
		};
		4A48E3AB2320EF2B009E395E /* Build configuration list for PBXNativeTarget "iOSWidgetTests" */ = {
			isa = XCConfigurationList;
			buildConfigurations = (
				4A48E3AC2320EF2B009E395E /* Debug */,
				4A48E3AD2320EF2B009E395E /* Release */,
			);
			defaultConfigurationIsVisible = 0;
			defaultConfigurationName = Release;
		};
		4A48E3AE2320EF2B009E395E /* Build configuration list for PBXNativeTarget "iOSWidgetUITests" */ = {
			isa = XCConfigurationList;
			buildConfigurations = (
				4A48E3AF2320EF2B009E395E /* Debug */,
				4A48E3B02320EF2B009E395E /* Release */,
			);
			defaultConfigurationIsVisible = 0;
			defaultConfigurationName = Release;
		};
/* End XCConfigurationList section */
	};
	rootObject = 4A48E3742320EF2A009E395E /* Project object */;
}
